// !$*UTF8*$!
{
	archiveVersion = 1;
	classes = {
	};
	objectVersion = 50;
	objects = {

/* Begin PBXBuildFile section */
		229AD3B62472FE2700B0FADB /* AppDelegate.swift in Sources */ = {isa = PBXBuildFile; fileRef = 229AD3B52472FE2700B0FADB /* AppDelegate.swift */; };
		229AD3B82472FE2700B0FADB /* art.scnassets in Resources */ = {isa = PBXBuildFile; fileRef = 229AD3B72472FE2700B0FADB /* art.scnassets */; };
		229AD3BA2472FE2700B0FADB /* GameViewController.swift in Sources */ = {isa = PBXBuildFile; fileRef = 229AD3B92472FE2700B0FADB /* GameViewController.swift */; };
		229AD3BD2472FE2700B0FADB /* Main.storyboard in Resources */ = {isa = PBXBuildFile; fileRef = 229AD3BB2472FE2700B0FADB /* Main.storyboard */; };
		229AD3BF2472FE2800B0FADB /* Assets.xcassets in Resources */ = {isa = PBXBuildFile; fileRef = 229AD3BE2472FE2800B0FADB /* Assets.xcassets */; };
		229AD3C22472FE2800B0FADB /* LaunchScreen.storyboard in Resources */ = {isa = PBXBuildFile; fileRef = 229AD3C02472FE2800B0FADB /* LaunchScreen.storyboard */; };
		229AD3CD2472FE2800B0FADB /* _dTestTests.swift in Sources */ = {isa = PBXBuildFile; fileRef = 229AD3CC2472FE2800B0FADB /* _dTestTests.swift */; };
		229AD3D82472FE2800B0FADB /* _dTestUITests.swift in Sources */ = {isa = PBXBuildFile; fileRef = 229AD3D72472FE2800B0FADB /* _dTestUITests.swift */; };
/* End PBXBuildFile section */

/* Begin PBXContainerItemProxy section */
		229AD3C92472FE2800B0FADB /* PBXContainerItemProxy */ = {
			isa = PBXContainerItemProxy;
			containerPortal = 229AD3AA2472FE2700B0FADB /* Project object */;
			proxyType = 1;
			remoteGlobalIDString = 229AD3B12472FE2700B0FADB;
			remoteInfo = 3dTest;
		};
		229AD3D42472FE2800B0FADB /* PBXContainerItemProxy */ = {
			isa = PBXContainerItemProxy;
			containerPortal = 229AD3AA2472FE2700B0FADB /* Project object */;
			proxyType = 1;
			remoteGlobalIDString = 229AD3B12472FE2700B0FADB;
			remoteInfo = 3dTest;
		};
/* End PBXContainerItemProxy section */

/* Begin PBXFileReference section */
		229AD3B22472FE2700B0FADB /* 3dTest.app */ = {isa = PBXFileReference; explicitFileType = wrapper.application; includeInIndex = 0; path = 3dTest.app; sourceTree = BUILT_PRODUCTS_DIR; };
		229AD3B52472FE2700B0FADB /* AppDelegate.swift */ = {isa = PBXFileReference; lastKnownFileType = sourcecode.swift; path = AppDelegate.swift; sourceTree = "<group>"; };
		229AD3B72472FE2700B0FADB /* art.scnassets */ = {isa = PBXFileReference; lastKnownFileType = wrapper.scnassets; path = art.scnassets; sourceTree = "<group>"; };
		229AD3B92472FE2700B0FADB /* GameViewController.swift */ = {isa = PBXFileReference; lastKnownFileType = sourcecode.swift; path = GameViewController.swift; sourceTree = "<group>"; };
		229AD3BC2472FE2700B0FADB /* Base */ = {isa = PBXFileReference; lastKnownFileType = file.storyboard; name = Base; path = Base.lproj/Main.storyboard; sourceTree = "<group>"; };
		229AD3BE2472FE2800B0FADB /* Assets.xcassets */ = {isa = PBXFileReference; lastKnownFileType = folder.assetcatalog; path = Assets.xcassets; sourceTree = "<group>"; };
		229AD3C12472FE2800B0FADB /* Base */ = {isa = PBXFileReference; lastKnownFileType = file.storyboard; name = Base; path = Base.lproj/LaunchScreen.storyboard; sourceTree = "<group>"; };
		229AD3C32472FE2800B0FADB /* Info.plist */ = {isa = PBXFileReference; lastKnownFileType = text.plist.xml; path = Info.plist; sourceTree = "<group>"; };
		229AD3C82472FE2800B0FADB /* 3dTestTests.xctest */ = {isa = PBXFileReference; explicitFileType = wrapper.cfbundle; includeInIndex = 0; path = 3dTestTests.xctest; sourceTree = BUILT_PRODUCTS_DIR; };
		229AD3CC2472FE2800B0FADB /* _dTestTests.swift */ = {isa = PBXFileReference; lastKnownFileType = sourcecode.swift; path = _dTestTests.swift; sourceTree = "<group>"; };
		229AD3CE2472FE2800B0FADB /* Info.plist */ = {isa = PBXFileReference; lastKnownFileType = text.plist.xml; path = Info.plist; sourceTree = "<group>"; };
		229AD3D32472FE2800B0FADB /* 3dTestUITests.xctest */ = {isa = PBXFileReference; explicitFileType = wrapper.cfbundle; includeInIndex = 0; path = 3dTestUITests.xctest; sourceTree = BUILT_PRODUCTS_DIR; };
		229AD3D72472FE2800B0FADB /* _dTestUITests.swift */ = {isa = PBXFileReference; lastKnownFileType = sourcecode.swift; path = _dTestUITests.swift; sourceTree = "<group>"; };
		229AD3D92472FE2800B0FADB /* Info.plist */ = {isa = PBXFileReference; lastKnownFileType = text.plist.xml; path = Info.plist; sourceTree = "<group>"; };
/* End PBXFileReference section */

/* Begin PBXFrameworksBuildPhase section */
		229AD3AF2472FE2700B0FADB /* Frameworks */ = {
			isa = PBXFrameworksBuildPhase;
			buildActionMask = 2147483647;
			files = (
			);
			runOnlyForDeploymentPostprocessing = 0;
		};
		229AD3C52472FE2800B0FADB /* Frameworks */ = {
			isa = PBXFrameworksBuildPhase;
			buildActionMask = 2147483647;
			files = (
			);
			runOnlyForDeploymentPostprocessing = 0;
		};
		229AD3D02472FE2800B0FADB /* Frameworks */ = {
			isa = PBXFrameworksBuildPhase;
			buildActionMask = 2147483647;
			files = (
			);
			runOnlyForDeploymentPostprocessing = 0;
		};
/* End PBXFrameworksBuildPhase section */

/* Begin PBXGroup section */
		229AD3A92472FE2700B0FADB = {
			isa = PBXGroup;
			children = (
				229AD3B42472FE2700B0FADB /* 3dTest */,
				229AD3CB2472FE2800B0FADB /* 3dTestTests */,
				229AD3D62472FE2800B0FADB /* 3dTestUITests */,
				229AD3B32472FE2700B0FADB /* Products */,
			);
			sourceTree = "<group>";
		};
		229AD3B32472FE2700B0FADB /* Products */ = {
			isa = PBXGroup;
			children = (
				229AD3B22472FE2700B0FADB /* 3dTest.app */,
				229AD3C82472FE2800B0FADB /* 3dTestTests.xctest */,
				229AD3D32472FE2800B0FADB /* 3dTestUITests.xctest */,
			);
			name = Products;
			sourceTree = "<group>";
		};
		229AD3B42472FE2700B0FADB /* 3dTest */ = {
			isa = PBXGroup;
			children = (
				229AD3B52472FE2700B0FADB /* AppDelegate.swift */,
				229AD3B72472FE2700B0FADB /* art.scnassets */,
				229AD3B92472FE2700B0FADB /* GameViewController.swift */,
				229AD3BB2472FE2700B0FADB /* Main.storyboard */,
				229AD3BE2472FE2800B0FADB /* Assets.xcassets */,
				229AD3C02472FE2800B0FADB /* LaunchScreen.storyboard */,
				229AD3C32472FE2800B0FADB /* Info.plist */,
			);
			path = 3dTest;
			sourceTree = "<group>";
		};
		229AD3CB2472FE2800B0FADB /* 3dTestTests */ = {
			isa = PBXGroup;
			children = (
				229AD3CC2472FE2800B0FADB /* _dTestTests.swift */,
				229AD3CE2472FE2800B0FADB /* Info.plist */,
			);
			path = 3dTestTests;
			sourceTree = "<group>";
		};
		229AD3D62472FE2800B0FADB /* 3dTestUITests */ = {
			isa = PBXGroup;
			children = (
				229AD3D72472FE2800B0FADB /* _dTestUITests.swift */,
				229AD3D92472FE2800B0FADB /* Info.plist */,
			);
			path = 3dTestUITests;
			sourceTree = "<group>";
		};
/* End PBXGroup section */

/* Begin PBXNativeTarget section */
		229AD3B12472FE2700B0FADB /* 3dTest */ = {
			isa = PBXNativeTarget;
			buildConfigurationList = 229AD3DC2472FE2800B0FADB /* Build configuration list for PBXNativeTarget "3dTest" */;
			buildPhases = (
				229AD3AE2472FE2700B0FADB /* Sources */,
				229AD3AF2472FE2700B0FADB /* Frameworks */,
				229AD3B02472FE2700B0FADB /* Resources */,
			);
			buildRules = (
			);
			dependencies = (
			);
			name = 3dTest;
			productName = 3dTest;
			productReference = 229AD3B22472FE2700B0FADB /* 3dTest.app */;
			productType = "com.apple.product-type.application";
		};
		229AD3C72472FE2800B0FADB /* 3dTestTests */ = {
			isa = PBXNativeTarget;
			buildConfigurationList = 229AD3DF2472FE2800B0FADB /* Build configuration list for PBXNativeTarget "3dTestTests" */;
			buildPhases = (
				229AD3C42472FE2800B0FADB /* Sources */,
				229AD3C52472FE2800B0FADB /* Frameworks */,
				229AD3C62472FE2800B0FADB /* Resources */,
			);
			buildRules = (
			);
			dependencies = (
				229AD3CA2472FE2800B0FADB /* PBXTargetDependency */,
			);
			name = 3dTestTests;
			productName = 3dTestTests;
			productReference = 229AD3C82472FE2800B0FADB /* 3dTestTests.xctest */;
			productType = "com.apple.product-type.bundle.unit-test";
		};
		229AD3D22472FE2800B0FADB /* 3dTestUITests */ = {
			isa = PBXNativeTarget;
			buildConfigurationList = 229AD3E22472FE2800B0FADB /* Build configuration list for PBXNativeTarget "3dTestUITests" */;
			buildPhases = (
				229AD3CF2472FE2800B0FADB /* Sources */,
				229AD3D02472FE2800B0FADB /* Frameworks */,
				229AD3D12472FE2800B0FADB /* Resources */,
			);
			buildRules = (
			);
			dependencies = (
				229AD3D52472FE2800B0FADB /* PBXTargetDependency */,
			);
			name = 3dTestUITests;
			productName = 3dTestUITests;
			productReference = 229AD3D32472FE2800B0FADB /* 3dTestUITests.xctest */;
			productType = "com.apple.product-type.bundle.ui-testing";
		};
/* End PBXNativeTarget section */

/* Begin PBXProject section */
		229AD3AA2472FE2700B0FADB /* Project object */ = {
			isa = PBXProject;
			attributes = {
				LastSwiftUpdateCheck = 1140;
				LastUpgradeCheck = 1140;
				ORGANIZATIONNAME = "matt kazan";
				TargetAttributes = {
					229AD3B12472FE2700B0FADB = {
						CreatedOnToolsVersion = 11.4.1;
					};
					229AD3C72472FE2800B0FADB = {
						CreatedOnToolsVersion = 11.4.1;
						TestTargetID = 229AD3B12472FE2700B0FADB;
					};
					229AD3D22472FE2800B0FADB = {
						CreatedOnToolsVersion = 11.4.1;
						TestTargetID = 229AD3B12472FE2700B0FADB;
					};
				};
			};
			buildConfigurationList = 229AD3AD2472FE2700B0FADB /* Build configuration list for PBXProject "3dTest" */;
			compatibilityVersion = "Xcode 9.3";
			developmentRegion = en;
			hasScannedForEncodings = 0;
			knownRegions = (
				en,
				Base,
			);
			mainGroup = 229AD3A92472FE2700B0FADB;
			productRefGroup = 229AD3B32472FE2700B0FADB /* Products */;
			projectDirPath = "";
			projectRoot = "";
			targets = (
				229AD3B12472FE2700B0FADB /* 3dTest */,
				229AD3C72472FE2800B0FADB /* 3dTestTests */,
				229AD3D22472FE2800B0FADB /* 3dTestUITests */,
			);
		};
/* End PBXProject section */

/* Begin PBXResourcesBuildPhase section */
		229AD3B02472FE2700B0FADB /* Resources */ = {
			isa = PBXResourcesBuildPhase;
			buildActionMask = 2147483647;
			files = (
				229AD3B82472FE2700B0FADB /* art.scnassets in Resources */,
				229AD3C22472FE2800B0FADB /* LaunchScreen.storyboard in Resources */,
				229AD3BF2472FE2800B0FADB /* Assets.xcassets in Resources */,
				229AD3BD2472FE2700B0FADB /* Main.storyboard in Resources */,
			);
			runOnlyForDeploymentPostprocessing = 0;
		};
		229AD3C62472FE2800B0FADB /* Resources */ = {
			isa = PBXResourcesBuildPhase;
			buildActionMask = 2147483647;
			files = (
			);
			runOnlyForDeploymentPostprocessing = 0;
		};
		229AD3D12472FE2800B0FADB /* Resources */ = {
			isa = PBXResourcesBuildPhase;
			buildActionMask = 2147483647;
			files = (
			);
			runOnlyForDeploymentPostprocessing = 0;
		};
/* End PBXResourcesBuildPhase section */

/* Begin PBXSourcesBuildPhase section */
		229AD3AE2472FE2700B0FADB /* Sources */ = {
			isa = PBXSourcesBuildPhase;
			buildActionMask = 2147483647;
			files = (
				229AD3BA2472FE2700B0FADB /* GameViewController.swift in Sources */,
				229AD3B62472FE2700B0FADB /* AppDelegate.swift in Sources */,
			);
			runOnlyForDeploymentPostprocessing = 0;
		};
		229AD3C42472FE2800B0FADB /* Sources */ = {
			isa = PBXSourcesBuildPhase;
			buildActionMask = 2147483647;
			files = (
				229AD3CD2472FE2800B0FADB /* _dTestTests.swift in Sources */,
			);
			runOnlyForDeploymentPostprocessing = 0;
		};
		229AD3CF2472FE2800B0FADB /* Sources */ = {
			isa = PBXSourcesBuildPhase;
			buildActionMask = 2147483647;
			files = (
				229AD3D82472FE2800B0FADB /* _dTestUITests.swift in Sources */,
			);
			runOnlyForDeploymentPostprocessing = 0;
		};
/* End PBXSourcesBuildPhase section */

/* Begin PBXTargetDependency section */
		229AD3CA2472FE2800B0FADB /* PBXTargetDependency */ = {
			isa = PBXTargetDependency;
			target = 229AD3B12472FE2700B0FADB /* 3dTest */;
			targetProxy = 229AD3C92472FE2800B0FADB /* PBXContainerItemProxy */;
		};
		229AD3D52472FE2800B0FADB /* PBXTargetDependency */ = {
			isa = PBXTargetDependency;
			target = 229AD3B12472FE2700B0FADB /* 3dTest */;
			targetProxy = 229AD3D42472FE2800B0FADB /* PBXContainerItemProxy */;
		};
/* End PBXTargetDependency section */

/* Begin PBXVariantGroup section */
		229AD3BB2472FE2700B0FADB /* Main.storyboard */ = {
			isa = PBXVariantGroup;
			children = (
				229AD3BC2472FE2700B0FADB /* Base */,
			);
			name = Main.storyboard;
			sourceTree = "<group>";
		};
		229AD3C02472FE2800B0FADB /* LaunchScreen.storyboard */ = {
			isa = PBXVariantGroup;
			children = (
				229AD3C12472FE2800B0FADB /* Base */,
			);
			name = LaunchScreen.storyboard;
			sourceTree = "<group>";
		};
/* End PBXVariantGroup section */

/* Begin XCBuildConfiguration section */
		229AD3DA2472FE2800B0FADB /* Debug */ = {
			isa = XCBuildConfiguration;
			buildSettings = {
				ALWAYS_SEARCH_USER_PATHS = NO;
				CLANG_ANALYZER_NONNULL = YES;
				CLANG_ANALYZER_NUMBER_OBJECT_CONVERSION = YES_AGGRESSIVE;
				CLANG_CXX_LANGUAGE_STANDARD = "gnu++14";
				CLANG_CXX_LIBRARY = "libc++";
				CLANG_ENABLE_MODULES = YES;
				CLANG_ENABLE_OBJC_ARC = YES;
				CLANG_ENABLE_OBJC_WEAK = YES;
				CLANG_WARN_BLOCK_CAPTURE_AUTORELEASING = YES;
				CLANG_WARN_BOOL_CONVERSION = YES;
				CLANG_WARN_COMMA = YES;
				CLANG_WARN_CONSTANT_CONVERSION = YES;
				CLANG_WARN_DEPRECATED_OBJC_IMPLEMENTATIONS = YES;
				CLANG_WARN_DIRECT_OBJC_ISA_USAGE = YES_ERROR;
				CLANG_WARN_DOCUMENTATION_COMMENTS = YES;
				CLANG_WARN_EMPTY_BODY = YES;
				CLANG_WARN_ENUM_CONVERSION = YES;
				CLANG_WARN_INFINITE_RECURSION = YES;
				CLANG_WARN_INT_CONVERSION = YES;
				CLANG_WARN_NON_LITERAL_NULL_CONVERSION = YES;
				CLANG_WARN_OBJC_IMPLICIT_RETAIN_SELF = YES;
				CLANG_WARN_OBJC_LITERAL_CONVERSION = YES;
				CLANG_WARN_OBJC_ROOT_CLASS = YES_ERROR;
				CLANG_WARN_RANGE_LOOP_ANALYSIS = YES;
				CLANG_WARN_STRICT_PROTOTYPES = YES;
				CLANG_WARN_SUSPICIOUS_MOVE = YES;
				CLANG_WARN_UNGUARDED_AVAILABILITY = YES_AGGRESSIVE;
				CLANG_WARN_UNREACHABLE_CODE = YES;
				CLANG_WARN__DUPLICATE_METHOD_MATCH = YES;
				COPY_PHASE_STRIP = NO;
				DEBUG_INFORMATION_FORMAT = dwarf;
				ENABLE_STRICT_OBJC_MSGSEND = YES;
				ENABLE_TESTABILITY = YES;
				GCC_C_LANGUAGE_STANDARD = gnu11;
				GCC_DYNAMIC_NO_PIC = NO;
				GCC_NO_COMMON_BLOCKS = YES;
				GCC_OPTIMIZATION_LEVEL = 0;
				GCC_PREPROCESSOR_DEFINITIONS = (
					"DEBUG=1",
					"$(inherited)",
				);
				GCC_WARN_64_TO_32_BIT_CONVERSION = YES;
				GCC_WARN_ABOUT_RETURN_TYPE = YES_ERROR;
				GCC_WARN_UNDECLARED_SELECTOR = YES;
				GCC_WARN_UNINITIALIZED_AUTOS = YES_AGGRESSIVE;
				GCC_WARN_UNUSED_FUNCTION = YES;
				GCC_WARN_UNUSED_VARIABLE = YES;
				IPHONEOS_DEPLOYMENT_TARGET = 13.4;
				MTL_ENABLE_DEBUG_INFO = INCLUDE_SOURCE;
				MTL_FAST_MATH = YES;
				ONLY_ACTIVE_ARCH = YES;
				SDKROOT = iphoneos;
				SWIFT_ACTIVE_COMPILATION_CONDITIONS = DEBUG;
				SWIFT_OPTIMIZATION_LEVEL = "-Onone";
			};
			name = Debug;
		};
		229AD3DB2472FE2800B0FADB /* Release */ = {
			isa = XCBuildConfiguration;
			buildSettings = {
				ALWAYS_SEARCH_USER_PATHS = NO;
				CLANG_ANALYZER_NONNULL = YES;
				CLANG_ANALYZER_NUMBER_OBJECT_CONVERSION = YES_AGGRESSIVE;
				CLANG_CXX_LANGUAGE_STANDARD = "gnu++14";
				CLANG_CXX_LIBRARY = "libc++";
				CLANG_ENABLE_MODULES = YES;
				CLANG_ENABLE_OBJC_ARC = YES;
				CLANG_ENABLE_OBJC_WEAK = YES;
				CLANG_WARN_BLOCK_CAPTURE_AUTORELEASING = YES;
				CLANG_WARN_BOOL_CONVERSION = YES;
				CLANG_WARN_COMMA = YES;
				CLANG_WARN_CONSTANT_CONVERSION = YES;
				CLANG_WARN_DEPRECATED_OBJC_IMPLEMENTATIONS = YES;
				CLANG_WARN_DIRECT_OBJC_ISA_USAGE = YES_ERROR;
				CLANG_WARN_DOCUMENTATION_COMMENTS = YES;
				CLANG_WARN_EMPTY_BODY = YES;
				CLANG_WARN_ENUM_CONVERSION = YES;
				CLANG_WARN_INFINITE_RECURSION = YES;
				CLANG_WARN_INT_CONVERSION = YES;
				CLANG_WARN_NON_LITERAL_NULL_CONVERSION = YES;
				CLANG_WARN_OBJC_IMPLICIT_RETAIN_SELF = YES;
				CLANG_WARN_OBJC_LITERAL_CONVERSION = YES;
				CLANG_WARN_OBJC_ROOT_CLASS = YES_ERROR;
				CLANG_WARN_RANGE_LOOP_ANALYSIS = YES;
				CLANG_WARN_STRICT_PROTOTYPES = YES;
				CLANG_WARN_SUSPICIOUS_MOVE = YES;
				CLANG_WARN_UNGUARDED_AVAILABILITY = YES_AGGRESSIVE;
				CLANG_WARN_UNREACHABLE_CODE = YES;
				CLANG_WARN__DUPLICATE_METHOD_MATCH = YES;
				COPY_PHASE_STRIP = NO;
				DEBUG_INFORMATION_FORMAT = "dwarf-with-dsym";
				ENABLE_NS_ASSERTIONS = NO;
				ENABLE_STRICT_OBJC_MSGSEND = YES;
				GCC_C_LANGUAGE_STANDARD = gnu11;
				GCC_NO_COMMON_BLOCKS = YES;
				GCC_WARN_64_TO_32_BIT_CONVERSION = YES;
				GCC_WARN_ABOUT_RETURN_TYPE = YES_ERROR;
				GCC_WARN_UNDECLARED_SELECTOR = YES;
				GCC_WARN_UNINITIALIZED_AUTOS = YES_AGGRESSIVE;
				GCC_WARN_UNUSED_FUNCTION = YES;
				GCC_WARN_UNUSED_VARIABLE = YES;
				IPHONEOS_DEPLOYMENT_TARGET = 13.4;
				MTL_ENABLE_DEBUG_INFO = NO;
				MTL_FAST_MATH = YES;
				SDKROOT = iphoneos;
				SWIFT_COMPILATION_MODE = wholemodule;
				SWIFT_OPTIMIZATION_LEVEL = "-O";
				VALIDATE_PRODUCT = YES;
			};
			name = Release;
		};
		229AD3DD2472FE2800B0FADB /* Debug */ = {
			isa = XCBuildConfiguration;
			buildSettings = {
				ASSETCATALOG_COMPILER_APPICON_NAME = AppIcon;
				CODE_SIGN_STYLE = Automatic;
				DEVELOPMENT_TEAM = 469K444LPM;
				INFOPLIST_FILE = 3dTest/Info.plist;
				LD_RUNPATH_SEARCH_PATHS = (
					"$(inherited)",
					"@executable_path/Frameworks",
				);
				PRODUCT_BUNDLE_IDENTIFIER = "dumb-INC..-dTest";
				PRODUCT_NAME = "$(TARGET_NAME)";
				SWIFT_VERSION = 5.0;
				TARGETED_DEVICE_FAMILY = "1,2";
			};
			name = Debug;
		};
		229AD3DE2472FE2800B0FADB /* Release */ = {
			isa = XCBuildConfiguration;
			buildSettings = {
				ASSETCATALOG_COMPILER_APPICON_NAME = AppIcon;
				CODE_SIGN_STYLE = Automatic;
				DEVELOPMENT_TEAM = 469K444LPM;
				INFOPLIST_FILE = 3dTest/Info.plist;
				LD_RUNPATH_SEARCH_PATHS = (
					"$(inherited)",
					"@executable_path/Frameworks",
				);
				PRODUCT_BUNDLE_IDENTIFIER = "dumb-INC..-dTest";
				PRODUCT_NAME = "$(TARGET_NAME)";
				SWIFT_VERSION = 5.0;
				TARGETED_DEVICE_FAMILY = "1,2";
			};
			name = Release;
		};
		229AD3E02472FE2800B0FADB /* Debug */ = {
			isa = XCBuildConfiguration;
			buildSettings = {
				ALWAYS_EMBED_SWIFT_STANDARD_LIBRARIES = YES;
				BUNDLE_LOADER = "$(TEST_HOST)";
				CODE_SIGN_STYLE = Automatic;
				DEVELOPMENT_TEAM = 469K444LPM;
				INFOPLIST_FILE = 3dTestTests/Info.plist;
				IPHONEOS_DEPLOYMENT_TARGET = 13.4;
				LD_RUNPATH_SEARCH_PATHS = (
					"$(inherited)",
					"@executable_path/Frameworks",
					"@loader_path/Frameworks",
				);
				PRODUCT_BUNDLE_IDENTIFIER = "dumb-INC..-dTestTests";
				PRODUCT_NAME = "$(TARGET_NAME)";
				SWIFT_VERSION = 5.0;
				TARGETED_DEVICE_FAMILY = "1,2";
				TEST_HOST = "$(BUILT_PRODUCTS_DIR)/3dTest.app/3dTest";
			};
			name = Debug;
		};
		229AD3E12472FE2800B0FADB /* Release */ = {
			isa = XCBuildConfiguration;
			buildSettings = {
				ALWAYS_EMBED_SWIFT_STANDARD_LIBRARIES = YES;
				BUNDLE_LOADER = "$(TEST_HOST)";
				CODE_SIGN_STYLE = Automatic;
				DEVELOPMENT_TEAM = 469K444LPM;
				INFOPLIST_FILE = 3dTestTests/Info.plist;
				IPHONEOS_DEPLOYMENT_TARGET = 13.4;
				LD_RUNPATH_SEARCH_PATHS = (
					"$(inherited)",
					"@executable_path/Frameworks",
					"@loader_path/Frameworks",
				);
				PRODUCT_BUNDLE_IDENTIFIER = "dumb-INC..-dTestTests";
				PRODUCT_NAME = "$(TARGET_NAME)";
				SWIFT_VERSION = 5.0;
				TARGETED_DEVICE_FAMILY = "1,2";
				TEST_HOST = "$(BUILT_PRODUCTS_DIR)/3dTest.app/3dTest";
			};
			name = Release;
		};
		229AD3E32472FE2800B0FADB /* Debug */ = {
			isa = XCBuildConfiguration;
			buildSettings = {
				ALWAYS_EMBED_SWIFT_STANDARD_LIBRARIES = YES;
				CODE_SIGN_STYLE = Automatic;
				DEVELOPMENT_TEAM = 469K444LPM;
				INFOPLIST_FILE = 3dTestUITests/Info.plist;
				LD_RUNPATH_SEARCH_PATHS = (
					"$(inherited)",
					"@executable_path/Frameworks",
					"@loader_path/Frameworks",
				);
				PRODUCT_BUNDLE_IDENTIFIER = "dumb-INC..-dTestUITests";
				PRODUCT_NAME = "$(TARGET_NAME)";
				SWIFT_VERSION = 5.0;
				TARGETED_DEVICE_FAMILY = "1,2";
				TEST_TARGET_NAME = 3dTest;
			};
			name = Debug;
		};
		229AD3E42472FE2800B0FADB /* Release */ = {
			isa = XCBuildConfiguration;
			buildSettings = {
				ALWAYS_EMBED_SWIFT_STANDARD_LIBRARIES = YES;
				CODE_SIGN_STYLE = Automatic;
				DEVELOPMENT_TEAM = 469K444LPM;
				INFOPLIST_FILE = 3dTestUITests/Info.plist;
				LD_RUNPATH_SEARCH_PATHS = (
					"$(inherited)",
					"@executable_path/Frameworks",
					"@loader_path/Frameworks",
				);
				PRODUCT_BUNDLE_IDENTIFIER = "dumb-INC..-dTestUITests";
				PRODUCT_NAME = "$(TARGET_NAME)";
				SWIFT_VERSION = 5.0;
				TARGETED_DEVICE_FAMILY = "1,2";
				TEST_TARGET_NAME = 3dTest;
			};
			name = Release;
		};
/* End XCBuildConfiguration section */

/* Begin XCConfigurationList section */
		229AD3AD2472FE2700B0FADB /* Build configuration list for PBXProject "3dTest" */ = {
			isa = XCConfigurationList;
			buildConfigurations = (
				229AD3DA2472FE2800B0FADB /* Debug */,
				229AD3DB2472FE2800B0FADB /* Release */,
			);
			defaultConfigurationIsVisible = 0;
			defaultConfigurationName = Release;
		};
		229AD3DC2472FE2800B0FADB /* Build configuration list for PBXNativeTarget "3dTest" */ = {
			isa = XCConfigurationList;
			buildConfigurations = (
				229AD3DD2472FE2800B0FADB /* Debug */,
				229AD3DE2472FE2800B0FADB /* Release */,
			);
			defaultConfigurationIsVisible = 0;
			defaultConfigurationName = Release;
		};
		229AD3DF2472FE2800B0FADB /* Build configuration list for PBXNativeTarget "3dTestTests" */ = {
			isa = XCConfigurationList;
			buildConfigurations = (
				229AD3E02472FE2800B0FADB /* Debug */,
				229AD3E12472FE2800B0FADB /* Release */,
			);
			defaultConfigurationIsVisible = 0;
			defaultConfigurationName = Release;
		};
		229AD3E22472FE2800B0FADB /* Build configuration list for PBXNativeTarget "3dTestUITests" */ = {
			isa = XCConfigurationList;
			buildConfigurations = (
				229AD3E32472FE2800B0FADB /* Debug */,
				229AD3E42472FE2800B0FADB /* Release */,
			);
			defaultConfigurationIsVisible = 0;
			defaultConfigurationName = Release;
		};
/* End XCConfigurationList section */
	};
	rootObject = 229AD3AA2472FE2700B0FADB /* Project object */;
}
